// !$*UTF8*$!
{
	archiveVersion = 1;
	classes = {
	};
	objectVersion = 56;
	objects = {

/* Begin PBXBuildFile section */
		92900F952AC5D4C1009B5D2B /* main.cpp in Sources */ = {isa = PBXBuildFile; fileRef = 92900F942AC5D4C1009B5D2B /* main.cpp */; };
		929C682B2AC608C9000EDA39 /* expression_tree.cpp in Sources */ = {isa = PBXBuildFile; fileRef = 929C68292AC608C9000EDA39 /* expression_tree.cpp */; };
		929C682E2AC6096B000EDA39 /* expression_tree_visitor.cpp in Sources */ = {isa = PBXBuildFile; fileRef = 929C682C2AC6096B000EDA39 /* expression_tree_visitor.cpp */; };
		929C68312AC60AFC000EDA39 /* expression_tree_node.cpp in Sources */ = {isa = PBXBuildFile; fileRef = 929C682F2AC60AFC000EDA39 /* expression_tree_node.cpp */; };
		929C68342AC61061000EDA39 /* calculator.cpp in Sources */ = {isa = PBXBuildFile; fileRef = 929C68322AC61061000EDA39 /* calculator.cpp */; };
		929C68372AC614C7000EDA39 /* expression_tree_builder.cpp in Sources */ = {isa = PBXBuildFile; fileRef = 929C68352AC614C7000EDA39 /* expression_tree_builder.cpp */; };
		929C683A2AC61651000EDA39 /* expression_tree_evaluator.cpp in Sources */ = {isa = PBXBuildFile; fileRef = 929C68382AC61651000EDA39 /* expression_tree_evaluator.cpp */; };
		929C683C2AC65727000EDA39 /* expression.cpp in Sources */ = {isa = PBXBuildFile; fileRef = 929C683B2AC65727000EDA39 /* expression.cpp */; };
/* End PBXBuildFile section */

/* Begin PBXCopyFilesBuildPhase section */
		92900F8F2AC5D4C1009B5D2B /* CopyFiles */ = {
			isa = PBXCopyFilesBuildPhase;
			buildActionMask = 2147483647;
			dstPath = /usr/share/man/man1/;
			dstSubfolderSpec = 0;
			files = (
			);
			runOnlyForDeploymentPostprocessing = 1;
		};
/* End PBXCopyFilesBuildPhase section */

/* Begin PBXFileReference section */
		92900F912AC5D4C1009B5D2B /* calc */ = {isa = PBXFileReference; explicitFileType = "compiled.mach-o.executable"; includeInIndex = 0; path = calc; sourceTree = BUILT_PRODUCTS_DIR; };
		92900F942AC5D4C1009B5D2B /* main.cpp */ = {isa = PBXFileReference; lastKnownFileType = sourcecode.cpp.cpp; path = main.cpp; sourceTree = "<group>"; };
		929C68272AC60881000EDA39 /* expression.hpp */ = {isa = PBXFileReference; lastKnownFileType = sourcecode.cpp.h; path = expression.hpp; sourceTree = "<group>"; };
		929C68292AC608C9000EDA39 /* expression_tree.cpp */ = {isa = PBXFileReference; lastKnownFileType = sourcecode.cpp.cpp; path = expression_tree.cpp; sourceTree = "<group>"; };
		929C682A2AC608C9000EDA39 /* expression_tree.hpp */ = {isa = PBXFileReference; lastKnownFileType = sourcecode.cpp.h; path = expression_tree.hpp; sourceTree = "<group>"; };
		929C682C2AC6096B000EDA39 /* expression_tree_visitor.cpp */ = {isa = PBXFileReference; lastKnownFileType = sourcecode.cpp.cpp; path = expression_tree_visitor.cpp; sourceTree = "<group>"; };
		929C682D2AC6096B000EDA39 /* expression_tree_visitor.hpp */ = {isa = PBXFileReference; lastKnownFileType = sourcecode.cpp.h; path = expression_tree_visitor.hpp; sourceTree = "<group>"; };
		929C682F2AC60AFC000EDA39 /* expression_tree_node.cpp */ = {isa = PBXFileReference; lastKnownFileType = sourcecode.cpp.cpp; path = expression_tree_node.cpp; sourceTree = "<group>"; };
		929C68302AC60AFC000EDA39 /* expression_tree_node.hpp */ = {isa = PBXFileReference; lastKnownFileType = sourcecode.cpp.h; path = expression_tree_node.hpp; sourceTree = "<group>"; };
		929C68322AC61061000EDA39 /* calculator.cpp */ = {isa = PBXFileReference; lastKnownFileType = sourcecode.cpp.cpp; path = calculator.cpp; sourceTree = "<group>"; };
		929C68332AC61061000EDA39 /* calculator.hpp */ = {isa = PBXFileReference; lastKnownFileType = sourcecode.cpp.h; path = calculator.hpp; sourceTree = "<group>"; };
		929C68352AC614C7000EDA39 /* expression_tree_builder.cpp */ = {isa = PBXFileReference; lastKnownFileType = sourcecode.cpp.cpp; path = expression_tree_builder.cpp; sourceTree = "<group>"; };
		929C68362AC614C7000EDA39 /* expression_tree_builder.hpp */ = {isa = PBXFileReference; lastKnownFileType = sourcecode.cpp.h; path = expression_tree_builder.hpp; sourceTree = "<group>"; };
		929C68382AC61651000EDA39 /* expression_tree_evaluator.cpp */ = {isa = PBXFileReference; lastKnownFileType = sourcecode.cpp.cpp; path = expression_tree_evaluator.cpp; sourceTree = "<group>"; };
		929C68392AC61651000EDA39 /* expression_tree_evaluator.hpp */ = {isa = PBXFileReference; lastKnownFileType = sourcecode.cpp.h; path = expression_tree_evaluator.hpp; sourceTree = "<group>"; };
		929C683B2AC65727000EDA39 /* expression.cpp */ = {isa = PBXFileReference; lastKnownFileType = sourcecode.cpp.cpp; path = expression.cpp; sourceTree = "<group>"; };
/* End PBXFileReference section */

/* Begin PBXFrameworksBuildPhase section */
		92900F8E2AC5D4C1009B5D2B /* Frameworks */ = {
			isa = PBXFrameworksBuildPhase;
			buildActionMask = 2147483647;
			files = (
			);
			runOnlyForDeploymentPostprocessing = 0;
		};
/* End PBXFrameworksBuildPhase section */

/* Begin PBXGroup section */
		92900F882AC5D4C1009B5D2B = {
			isa = PBXGroup;
			children = (
				92900F932AC5D4C1009B5D2B /* calc */,
				92900F922AC5D4C1009B5D2B /* Products */,
			);
			sourceTree = "<group>";
		};
		92900F922AC5D4C1009B5D2B /* Products */ = {
			isa = PBXGroup;
			children = (
				92900F912AC5D4C1009B5D2B /* calc */,
			);
			name = Products;
			sourceTree = "<group>";
		};
		92900F932AC5D4C1009B5D2B /* calc */ = {
			isa = PBXGroup;
			children = (
				92900F942AC5D4C1009B5D2B /* main.cpp */,
				929C68272AC60881000EDA39 /* expression.hpp */,
				929C68292AC608C9000EDA39 /* expression_tree.cpp */,
				929C682A2AC608C9000EDA39 /* expression_tree.hpp */,
				929C682C2AC6096B000EDA39 /* expression_tree_visitor.cpp */,
				929C682D2AC6096B000EDA39 /* expression_tree_visitor.hpp */,
				929C682F2AC60AFC000EDA39 /* expression_tree_node.cpp */,
				929C68302AC60AFC000EDA39 /* expression_tree_node.hpp */,
				929C68322AC61061000EDA39 /* calculator.cpp */,
				929C68332AC61061000EDA39 /* calculator.hpp */,
				929C68352AC614C7000EDA39 /* expression_tree_builder.cpp */,
				929C68362AC614C7000EDA39 /* expression_tree_builder.hpp */,
				929C68382AC61651000EDA39 /* expression_tree_evaluator.cpp */,
				929C68392AC61651000EDA39 /* expression_tree_evaluator.hpp */,
				929C683B2AC65727000EDA39 /* expression.cpp */,
			);
			path = calc;
			sourceTree = "<group>";
		};
/* End PBXGroup section */

/* Begin PBXNativeTarget section */
		92900F902AC5D4C1009B5D2B /* calc */ = {
			isa = PBXNativeTarget;
			buildConfigurationList = 92900F982AC5D4C1009B5D2B /* Build configuration list for PBXNativeTarget "calc" */;
			buildPhases = (
				92900F8D2AC5D4C1009B5D2B /* Sources */,
				92900F8E2AC5D4C1009B5D2B /* Frameworks */,
				92900F8F2AC5D4C1009B5D2B /* CopyFiles */,
			);
			buildRules = (
			);
			dependencies = (
			);
			name = calc;
			productName = calc;
			productReference = 92900F912AC5D4C1009B5D2B /* calc */;
			productType = "com.apple.product-type.tool";
		};
/* End PBXNativeTarget section */

/* Begin PBXProject section */
		92900F892AC5D4C1009B5D2B /* Project object */ = {
			isa = PBXProject;
			attributes = {
				BuildIndependentTargetsInParallel = 1;
				LastUpgradeCheck = 1500;
				TargetAttributes = {
					92900F902AC5D4C1009B5D2B = {
						CreatedOnToolsVersion = 15.0;
					};
				};
			};
			buildConfigurationList = 92900F8C2AC5D4C1009B5D2B /* Build configuration list for PBXProject "calc" */;
			compatibilityVersion = "Xcode 14.0";
			developmentRegion = en;
			hasScannedForEncodings = 0;
			knownRegions = (
				en,
				Base,
			);
			mainGroup = 92900F882AC5D4C1009B5D2B;
			productRefGroup = 92900F922AC5D4C1009B5D2B /* Products */;
			projectDirPath = "";
			projectRoot = "";
			targets = (
				92900F902AC5D4C1009B5D2B /* calc */,
			);
		};
/* End PBXProject section */

/* Begin PBXSourcesBuildPhase section */
		92900F8D2AC5D4C1009B5D2B /* Sources */ = {
			isa = PBXSourcesBuildPhase;
			buildActionMask = 2147483647;
			files = (
				929C682E2AC6096B000EDA39 /* expression_tree_visitor.cpp in Sources */,
				929C68312AC60AFC000EDA39 /* expression_tree_node.cpp in Sources */,
				92900F952AC5D4C1009B5D2B /* main.cpp in Sources */,
				929C68372AC614C7000EDA39 /* expression_tree_builder.cpp in Sources */,
				929C683A2AC61651000EDA39 /* expression_tree_evaluator.cpp in Sources */,
				929C68342AC61061000EDA39 /* calculator.cpp in Sources */,
				929C682B2AC608C9000EDA39 /* expression_tree.cpp in Sources */,
				929C683C2AC65727000EDA39 /* expression.cpp in Sources */,
			);
			runOnlyForDeploymentPostprocessing = 0;
		};
/* End PBXSourcesBuildPhase section */

/* Begin XCBuildConfiguration section */
		92900F962AC5D4C1009B5D2B /* Debug */ = {
			isa = XCBuildConfiguration;
			buildSettings = {
				ALWAYS_SEARCH_USER_PATHS = NO;
				ASSETCATALOG_COMPILER_GENERATE_SWIFT_ASSET_SYMBOL_EXTENSIONS = YES;
				CLANG_ANALYZER_NONNULL = YES;
				CLANG_ANALYZER_NUMBER_OBJECT_CONVERSION = YES_AGGRESSIVE;
				CLANG_CXX_LANGUAGE_STANDARD = "gnu++20";
				CLANG_ENABLE_MODULES = YES;
				CLANG_ENABLE_OBJC_ARC = YES;
				CLANG_ENABLE_OBJC_WEAK = YES;
				CLANG_WARN_BLOCK_CAPTURE_AUTORELEASING = YES;
				CLANG_WARN_BOOL_CONVERSION = YES;
				CLANG_WARN_COMMA = YES;
				CLANG_WARN_CONSTANT_CONVERSION = YES;
				CLANG_WARN_DEPRECATED_OBJC_IMPLEMENTATIONS = YES;
				CLANG_WARN_DIRECT_OBJC_ISA_USAGE = YES_ERROR;
				CLANG_WARN_DOCUMENTATION_COMMENTS = YES;
				CLANG_WARN_EMPTY_BODY = YES;
				CLANG_WARN_ENUM_CONVERSION = YES;
				CLANG_WARN_INFINITE_RECURSION = YES;
				CLANG_WARN_INT_CONVERSION = YES;
				CLANG_WARN_NON_LITERAL_NULL_CONVERSION = YES;
				CLANG_WARN_OBJC_IMPLICIT_RETAIN_SELF = YES;
				CLANG_WARN_OBJC_LITERAL_CONVERSION = YES;
				CLANG_WARN_OBJC_ROOT_CLASS = YES_ERROR;
				CLANG_WARN_QUOTED_INCLUDE_IN_FRAMEWORK_HEADER = YES;
				CLANG_WARN_RANGE_LOOP_ANALYSIS = YES;
				CLANG_WARN_STRICT_PROTOTYPES = YES;
				CLANG_WARN_SUSPICIOUS_MOVE = YES;
				CLANG_WARN_UNGUARDED_AVAILABILITY = YES_AGGRESSIVE;
				CLANG_WARN_UNREACHABLE_CODE = YES;
				CLANG_WARN__DUPLICATE_METHOD_MATCH = YES;
				COPY_PHASE_STRIP = NO;
				DEBUG_INFORMATION_FORMAT = dwarf;
				ENABLE_STRICT_OBJC_MSGSEND = YES;
				ENABLE_TESTABILITY = YES;
				ENABLE_USER_SCRIPT_SANDBOXING = YES;
				GCC_C_LANGUAGE_STANDARD = gnu17;
				GCC_DYNAMIC_NO_PIC = NO;
				GCC_NO_COMMON_BLOCKS = YES;
				GCC_OPTIMIZATION_LEVEL = 0;
				GCC_PREPROCESSOR_DEFINITIONS = (
					"DEBUG=1",
					"$(inherited)",
				);
				GCC_WARN_64_TO_32_BIT_CONVERSION = YES;
				GCC_WARN_ABOUT_RETURN_TYPE = YES_ERROR;
				GCC_WARN_UNDECLARED_SELECTOR = YES;
				GCC_WARN_UNINITIALIZED_AUTOS = YES_AGGRESSIVE;
				GCC_WARN_UNUSED_FUNCTION = YES;
				GCC_WARN_UNUSED_VARIABLE = YES;
				LOCALIZATION_PREFERS_STRING_CATALOGS = YES;
				MACOSX_DEPLOYMENT_TARGET = 13.5;
				MTL_ENABLE_DEBUG_INFO = INCLUDE_SOURCE;
				MTL_FAST_MATH = YES;
				ONLY_ACTIVE_ARCH = YES;
				SDKROOT = macosx;
			};
			name = Debug;
		};
		92900F972AC5D4C1009B5D2B /* Release */ = {
			isa = XCBuildConfiguration;
			buildSettings = {
				ALWAYS_SEARCH_USER_PATHS = NO;
				ASSETCATALOG_COMPILER_GENERATE_SWIFT_ASSET_SYMBOL_EXTENSIONS = YES;
				CLANG_ANALYZER_NONNULL = YES;
				CLANG_ANALYZER_NUMBER_OBJECT_CONVERSION = YES_AGGRESSIVE;
				CLANG_CXX_LANGUAGE_STANDARD = "gnu++20";
				CLANG_ENABLE_MODULES = YES;
				CLANG_ENABLE_OBJC_ARC = YES;
				CLANG_ENABLE_OBJC_WEAK = YES;
				CLANG_WARN_BLOCK_CAPTURE_AUTORELEASING = YES;
				CLANG_WARN_BOOL_CONVERSION = YES;
				CLANG_WARN_COMMA = YES;
				CLANG_WARN_CONSTANT_CONVERSION = YES;
				CLANG_WARN_DEPRECATED_OBJC_IMPLEMENTATIONS = YES;
				CLANG_WARN_DIRECT_OBJC_ISA_USAGE = YES_ERROR;
				CLANG_WARN_DOCUMENTATION_COMMENTS = YES;
				CLANG_WARN_EMPTY_BODY = YES;
				CLANG_WARN_ENUM_CONVERSION = YES;
				CLANG_WARN_INFINITE_RECURSION = YES;
				CLANG_WARN_INT_CONVERSION = YES;
				CLANG_WARN_NON_LITERAL_NULL_CONVERSION = YES;
				CLANG_WARN_OBJC_IMPLICIT_RETAIN_SELF = YES;
				CLANG_WARN_OBJC_LITERAL_CONVERSION = YES;
				CLANG_WARN_OBJC_ROOT_CLASS = YES_ERROR;
				CLANG_WARN_QUOTED_INCLUDE_IN_FRAMEWORK_HEADER = YES;
				CLANG_WARN_RANGE_LOOP_ANALYSIS = YES;
				CLANG_WARN_STRICT_PROTOTYPES = YES;
				CLANG_WARN_SUSPICIOUS_MOVE = YES;
				CLANG_WARN_UNGUARDED_AVAILABILITY = YES_AGGRESSIVE;
				CLANG_WARN_UNREACHABLE_CODE = YES;
				CLANG_WARN__DUPLICATE_METHOD_MATCH = YES;
				COPY_PHASE_STRIP = NO;
				DEBUG_INFORMATION_FORMAT = "dwarf-with-dsym";
				ENABLE_NS_ASSERTIONS = NO;
				ENABLE_STRICT_OBJC_MSGSEND = YES;
				ENABLE_USER_SCRIPT_SANDBOXING = YES;
				GCC_C_LANGUAGE_STANDARD = gnu17;
				GCC_NO_COMMON_BLOCKS = YES;
				GCC_WARN_64_TO_32_BIT_CONVERSION = YES;
				GCC_WARN_ABOUT_RETURN_TYPE = YES_ERROR;
				GCC_WARN_UNDECLARED_SELECTOR = YES;
				GCC_WARN_UNINITIALIZED_AUTOS = YES_AGGRESSIVE;
				GCC_WARN_UNUSED_FUNCTION = YES;
				GCC_WARN_UNUSED_VARIABLE = YES;
				LOCALIZATION_PREFERS_STRING_CATALOGS = YES;
				MACOSX_DEPLOYMENT_TARGET = 13.5;
				MTL_ENABLE_DEBUG_INFO = NO;
				MTL_FAST_MATH = YES;
				SDKROOT = macosx;
			};
			name = Release;
		};
		92900F992AC5D4C1009B5D2B /* Debug */ = {
			isa = XCBuildConfiguration;
			buildSettings = {
				CODE_SIGN_STYLE = Automatic;
				DEVELOPMENT_TEAM = JR8WFPXXYX;
				ENABLE_HARDENED_RUNTIME = YES;
				PRODUCT_NAME = "$(TARGET_NAME)";
			};
			name = Debug;
		};
		92900F9A2AC5D4C1009B5D2B /* Release */ = {
			isa = XCBuildConfiguration;
			buildSettings = {
				CODE_SIGN_STYLE = Automatic;
				DEVELOPMENT_TEAM = JR8WFPXXYX;
				ENABLE_HARDENED_RUNTIME = YES;
				PRODUCT_NAME = "$(TARGET_NAME)";
			};
			name = Release;
		};
/* End XCBuildConfiguration section */

/* Begin XCConfigurationList section */
		92900F8C2AC5D4C1009B5D2B /* Build configuration list for PBXProject "calc" */ = {
			isa = XCConfigurationList;
			buildConfigurations = (
				92900F962AC5D4C1009B5D2B /* Debug */,
				92900F972AC5D4C1009B5D2B /* Release */,
			);
			defaultConfigurationIsVisible = 0;
			defaultConfigurationName = Release;
		};
		92900F982AC5D4C1009B5D2B /* Build configuration list for PBXNativeTarget "calc" */ = {
			isa = XCConfigurationList;
			buildConfigurations = (
				92900F992AC5D4C1009B5D2B /* Debug */,
				92900F9A2AC5D4C1009B5D2B /* Release */,
			);
			defaultConfigurationIsVisible = 0;
			defaultConfigurationName = Release;
		};
/* End XCConfigurationList section */
	};
	rootObject = 92900F892AC5D4C1009B5D2B /* Project object */;
}
